lockfileVersion: 5.4

importers:

  packages/salad:
    specifiers:
      '@swc/core': ^1.3.8
      emitkit: ^1.3.1
      posthtml: ^0.16.6
    dependencies:
      '@swc/core': 1.3.11
      emitkit: 1.3.1
      posthtml: 0.16.6

  packages/vite-plugin-salad:
    specifiers:
      '@uwu/salad': workspace:*
    dependencies:
      '@uwu/salad': link:../salad

packages:

  /@swc/core-android-arm-eabi/1.3.11:
    resolution: {integrity: sha512-LC9JlMcdFmTU94KKmQkJKaPSeVmYTfVm2rKGESMiFrgIjopXL/Zeg+XHA97ucnh5iUMkWIpXAMzSOaVRs33K5g==}
    engines: {node: '>=10'}
    cpu: [arm]
    os: [android]
    requiresBuild: true
    dependencies:
      '@swc/wasm': 1.2.122
    dev: false
    optional: true

  /@swc/core-android-arm64/1.3.11:
    resolution: {integrity: sha512-M7FamR3kFpVTyTw73FzKcOZmS7/TWHX75eqtwBTaU9fW4shf0KTLr/h9DnMxNKAnwUMeub/lqlINUe5EKFIKwQ==}
    engines: {node: '>=10'}
    cpu: [arm64]
    os: [android]
    requiresBuild: true
    dependencies:
      '@swc/wasm': 1.2.130
    dev: false
    optional: true

  /@swc/core-darwin-arm64/1.3.11:
    resolution: {integrity: sha512-LOoiw3uQDuoKBLW3Mn8p6wIccpYjAoDI3ROdto4MksLQSraHMufXY8bqqncfVuy1750XZmC1qnU39RC3yihPfA==}
    engines: {node: '>=10'}
    cpu: [arm64]
    os: [darwin]
    requiresBuild: true
    dev: false
    optional: true

  /@swc/core-darwin-x64/1.3.11:
    resolution: {integrity: sha512-ycjrEbWmpU8MTDdVLdf76ClxQCSTfNqSoP59hieLzhmXpXUa7Oy4sN/v6WSQgp4I1euGs1Wp5kPU5hH5f7XBJQ==}
    engines: {node: '>=10'}
    cpu: [x64]
    os: [darwin]
    requiresBuild: true
    dev: false
    optional: true

  /@swc/core-freebsd-x64/1.3.11:
    resolution: {integrity: sha512-02uqYktPp6WmZfZ2Crc/yIVOcgANtjo8ciHcT7yLHvz7v+S7gx1I2tyNGUFtTX5hcR2IFNGrL8Yj4DvpTABFHg==}
    engines: {node: '>=10'}
    cpu: [x64]
    os: [freebsd]
    requiresBuild: true
    dependencies:
      '@swc/wasm': 1.2.130
    dev: false
    optional: true

  /@swc/core-linux-arm-gnueabihf/1.3.11:
    resolution: {integrity: sha512-nZ2T/gPFncsIiFGhVeVY9vRCTX0hTdqso8OEvFhSwRfRvcEYOpb/rhMG09are7YoB44GMiku5tSzEiNmvT3GuQ==}
    engines: {node: '>=10'}
    cpu: [arm]
    os: [linux]
    requiresBuild: true
    dependencies:
      '@swc/wasm': 1.2.130
    dev: false
    optional: true

  /@swc/core-linux-arm64-gnu/1.3.11:
    resolution: {integrity: sha512-EWEd8NnGwhykEDFIet/r4Fcfr6805ecnBniHZWmG8UVYUp5tz7LYEMZesxCxa0+aGVpCmxHL5/Cdk1uEIrVIzg==}
    engines: {node: '>=10'}
    cpu: [arm64]
    os: [linux]
    requiresBuild: true
    dev: false
    optional: true

  /@swc/core-linux-arm64-musl/1.3.11:
    resolution: {integrity: sha512-ms7CLj2+8sfTM2QnnwqDheYRky9rgPpX2hXmc0KltX+AiSAs7WURjn2JwXWkaICDzXL+djennfswxSspJ53knw==}
    engines: {node: '>=10'}
    cpu: [arm64]
    os: [linux]
    requiresBuild: true
    dev: false
    optional: true

  /@swc/core-linux-x64-gnu/1.3.11:
    resolution: {integrity: sha512-Fq5/QEY0IbzpIrqlvQT59aMf+nLk//esL3Aj4nvZdsvF4iZaD2oHtXW+/MBi0i1HV9OBWApGZMygYNVS0uVZkQ==}
    engines: {node: '>=10'}
    cpu: [x64]
    os: [linux]
    requiresBuild: true
    dev: false
    optional: true

  /@swc/core-linux-x64-musl/1.3.11:
    resolution: {integrity: sha512-S/KoEgRHwGhs7VunHiz4jLrnFOJvqZe391j2MiYN1p2EThoGI3rvwcUoHkoxLCXVuDbi4E91qodOheaMGetWNA==}
    engines: {node: '>=10'}
    cpu: [x64]
    os: [linux]
    requiresBuild: true
    dev: false
    optional: true

  /@swc/core-win32-arm64-msvc/1.3.11:
    resolution: {integrity: sha512-fFby7KOQIxolR6w4Gie8MSkgQ3ee6j3r7A6PX4ekzu+509QsZogLPZnWFTJ8WFo7ui0tx/ocA5X8BV4ZNBVlKQ==}
    engines: {node: '>=10'}
    cpu: [arm64]
    os: [win32]
    requiresBuild: true
    dependencies:
      '@swc/wasm': 1.2.130
    dev: false
    optional: true

  /@swc/core-win32-ia32-msvc/1.3.11:
    resolution: {integrity: sha512-fii7Y33S9Z5oZ/BTsXa8Ou/RZ4T/ZsAOFpG7mMvifpdAP6LVWdhLoNy7SeeEHTEAWGcWNA/FslA6p2WETvEEfA==}
    engines: {node: '>=10'}
    cpu: [ia32]
    os: [win32]
    requiresBuild: true
    dependencies:
      '@swc/wasm': 1.2.130
    dev: false
    optional: true

  /@swc/core-win32-x64-msvc/1.3.11:
    resolution: {integrity: sha512-cDF4qBQLf3U0KypnLn3T1HtE12QmEplPGjWs2Xd/hzVkjsPixVR8XIgLlczsj7Pk7Of7VDnUDLIl52aIdgTm8w==}
    engines: {node: '>=10'}
    cpu: [x64]
    os: [win32]
    requiresBuild: true
    dev: false
    optional: true

  /@swc/core/1.3.11:
    resolution: {integrity: sha512-lnCnnnNCsnbrhW/gwkoN0sAeIqOyoHLS4ZB20xmPJjKVfvTnJrAcNnLSiwlYdcoUSFqT2GYZjUAG6usEzRQASA==}
    engines: {node: '>=10'}
    hasBin: true
    requiresBuild: true
    optionalDependencies:
      '@swc/core-android-arm-eabi': 1.3.11
      '@swc/core-android-arm64': 1.3.11
      '@swc/core-darwin-arm64': 1.3.11
      '@swc/core-darwin-x64': 1.3.11
      '@swc/core-freebsd-x64': 1.3.11
      '@swc/core-linux-arm-gnueabihf': 1.3.11
      '@swc/core-linux-arm64-gnu': 1.3.11
      '@swc/core-linux-arm64-musl': 1.3.11
      '@swc/core-linux-x64-gnu': 1.3.11
      '@swc/core-linux-x64-musl': 1.3.11
      '@swc/core-win32-arm64-msvc': 1.3.11
      '@swc/core-win32-ia32-msvc': 1.3.11
      '@swc/core-win32-x64-msvc': 1.3.11
    dev: false

  /@swc/wasm/1.2.122:
    resolution: {integrity: sha512-sM1VCWQxmNhFtdxME+8UXNyPNhxNu7zdb6ikWpz0YKAQQFRGT5ThZgJrubEpah335SUToNg8pkdDF7ibVCjxbQ==}
    requiresBuild: true
    dev: false
    optional: true

  /@swc/wasm/1.2.130:
    resolution: {integrity: sha512-rNcJsBxS70+pv8YUWwf5fRlWX6JoY/HJc25HD/F8m6Kv7XhJdqPPMhyX6TKkUBPAG7TWlZYoxa+rHAjPy4Cj3Q==}
    requiresBuild: true
    dev: false
    optional: true

  /dom-serializer/1.4.1:
    resolution: {integrity: sha512-VHwB3KfrcOOkelEG2ZOfxqLZdfkil8PtJi4P8N2MMXucZq2yLp75ClViUlOVwyoHEDjYU433Aq+5zWP61+RGag==}
    dependencies:
      domelementtype: 2.3.0
      domhandler: 4.3.1
      entities: 2.2.0
    dev: false

  /domelementtype/2.3.0:
    resolution: {integrity: sha512-OLETBj6w0OsagBwdXnPdN0cnMfF9opN69co+7ZrbfPGrdpPVNBUj02spi6B1N7wChLQiPn4CSH/zJvXw56gmHw==}
    dev: false

  /domhandler/4.3.1:
    resolution: {integrity: sha512-GrwoxYN+uWlzO8uhUXRl0P+kHE4GtVPfYzVLcUxPL7KNdHKj66vvlhiweIHqYYXWlw+T8iLMp42Lm67ghw4WMQ==}
    engines: {node: '>= 4'}
    dependencies:
      domelementtype: 2.3.0
    dev: false

  /domutils/2.8.0:
    resolution: {integrity: sha512-w96Cjofp72M5IIhpjgobBimYEfoPjx1Vx0BSX9P30WBdZW2WIKU0T1Bd0kz2eNZ9ikjKgHbEyKx8BB6H1L3h3A==}
    dependencies:
      dom-serializer: 1.4.1
      domelementtype: 2.3.0
      domhandler: 4.3.1
    dev: false

  /emitkit/1.3.1:
    resolution: {integrity: sha512-5UCKA+PymrheLJYzq/u6ehmYRiFQ0Ld95xfDDVMWj3eZMCz0wnrvKw1N1WpvfLxRnCjFIqvk4FNREFbLvAupQA==}
    dependencies:
      '@swc/core': 1.3.11
    dev: false

  /entities/2.2.0:
    resolution: {integrity: sha512-p92if5Nz619I0w+akJrLZH0MX0Pb5DX39XOwQTtXSdQQOaYH03S1uIQp4mhOZtAXrxq4ViO67YTiLBo2638o9A==}
    dev: false

  /entities/3.0.1:
    resolution: {integrity: sha512-WiyBqoomrwMdFG1e0kqvASYfnlb0lp8M5o5Fw2OFq1hNZxxcNk8Ik0Xm7LxzBhuidnZB/UtBqVCgUz3kBOP51Q==}
    engines: {node: '>=0.12'}
    dev: false

  /htmlparser2/7.2.0:
    resolution: {integrity: sha512-H7MImA4MS6cw7nbyURtLPO1Tms7C5H602LRETv95z1MxO/7CP7rDVROehUYeYBUYEON94NXXDEPmZuq+hX4sog==}
    dependencies:
      domelementtype: 2.3.0
      domhandler: 4.3.1
      domutils: 2.8.0
      entities: 3.0.1
    dev: false

  /is-json/2.0.1:
    resolution: {integrity: sha512-6BEnpVn1rcf3ngfmViLM6vjUjGErbdrL4rwlv+u1NO1XO8kqT4YGL8+19Q+Z/bas8tY90BTWMk2+fW1g6hQjbA==}
    dev: false

  /posthtml-parser/0.11.0:
    resolution: {integrity: sha512-QecJtfLekJbWVo/dMAA+OSwY79wpRmbqS5TeXvXSX+f0c6pW4/SE6inzZ2qkU7oAMCPqIDkZDvd/bQsSFUnKyw==}
    engines: {node: '>=12'}
    dependencies:
      htmlparser2: 7.2.0
    dev: false

  /posthtml-render/3.0.0:
    resolution: {integrity: sha512-z+16RoxK3fUPgwaIgH9NGnK1HKY9XIDpydky5eQGgAFVXTCSezalv9U2jQuNV+Z9qV1fDWNzldcw4eK0SSbqKA==}
    engines: {node: '>=12'}
    dependencies:
      is-json: 2.0.1
    dev: false

  /posthtml/0.16.6:
    resolution: {integrity: sha512-JcEmHlyLK/o0uGAlj65vgg+7LIms0xKXe60lcDOTU7oVX/3LuEuLwrQpW3VJ7de5TaFKiW4kWkaIpJL42FEgxQ==}
    engines: {node: '>=12.0.0'}
    dependencies:
      posthtml-parser: 0.11.0
      posthtml-render: 3.0.0
    dev: false
